// !$*UTF8*$!
{
	archiveVersion = 1;
	classes = {
	};
	objectVersion = 46;
	objects = {

/* Begin PBXBuildFile section */
		9AE55EFF1DB1BE1D00EA3461 /* main.cpp in Sources */ = {isa = PBXBuildFile; fileRef = 9AE55EFE1DB1BE1D00EA3461 /* main.cpp */; };
/* End PBXBuildFile section */

/* Begin PBXCopyFilesBuildPhase section */
		9AE55EF91DB1BE1D00EA3461 /* CopyFiles */ = {
			isa = PBXCopyFilesBuildPhase;
			buildActionMask = 2147483647;
			dstPath = /usr/share/man/man1/;
			dstSubfolderSpec = 0;
			files = (
			);
			runOnlyForDeploymentPostprocessing = 1;
		};
/* End PBXCopyFilesBuildPhase section */

/* Begin PBXFileReference section */
		9AE55EFB1DB1BE1D00EA3461 /* DataStructurePTAtest07_4 */ = {isa = PBXFileReference; explicitFileType = "compiled.mach-o.executable"; includeInIndex = 0; path = DataStructurePTAtest07_4; sourceTree = BUILT_PRODUCTS_DIR; };
		9AE55EFE1DB1BE1D00EA3461 /* main.cpp */ = {isa = PBXFileReference; lastKnownFileType = sourcecode.cpp.cpp; path = main.cpp; sourceTree = "<group>"; };
/* End PBXFileReference section */

/* Begin PBXFrameworksBuildPhase section */
		9AE55EF81DB1BE1D00EA3461 /* Frameworks */ = {
			isa = PBXFrameworksBuildPhase;
			buildActionMask = 2147483647;
			files = (
			);
			runOnlyForDeploymentPostprocessing = 0;
		};
/* End PBXFrameworksBuildPhase section */

/* Begin PBXGroup section */
		9AE55EF21DB1BE1D00EA3461 = {
			isa = PBXGroup;
			children = (
				9AE55EFD1DB1BE1D00EA3461 /* DataStructurePTAtest07_4 */,
				9AE55EFC1DB1BE1D00EA3461 /* Products */,
			);
			sourceTree = "<group>";
		};
		9AE55EFC1DB1BE1D00EA3461 /* Products */ = {
			isa = PBXGroup;
			children = (
				9AE55EFB1DB1BE1D00EA3461 /* DataStructurePTAtest07_4 */,
			);
			name = Products;
			sourceTree = "<group>";
		};
		9AE55EFD1DB1BE1D00EA3461 /* DataStructurePTAtest07_4 */ = {
			isa = PBXGroup;
			children = (
				9AE55EFE1DB1BE1D00EA3461 /* main.cpp */,
			);
			path = DataStructurePTAtest07_4;
			sourceTree = "<group>";
		};
/* End PBXGroup section */

/* Begin PBXNativeTarget section */
		9AE55EFA1DB1BE1D00EA3461 /* DataStructurePTAtest07_4 */ = {
			isa = PBXNativeTarget;
			buildConfigurationList = 9AE55F021DB1BE1D00EA3461 /* Build configuration list for PBXNativeTarget "DataStructurePTAtest07_4" */;
			buildPhases = (
				9AE55EF71DB1BE1D00EA3461 /* Sources */,
				9AE55EF81DB1BE1D00EA3461 /* Frameworks */,
				9AE55EF91DB1BE1D00EA3461 /* CopyFiles */,
			);
			buildRules = (
			);
			dependencies = (
			);
			name = DataStructurePTAtest07_4;
			productName = DataStructurePTAtest07_4;
			productReference = 9AE55EFB1DB1BE1D00EA3461 /* DataStructurePTAtest07_4 */;
			productType = "com.apple.product-type.tool";
		};
/* End PBXNativeTarget section */

/* Begin PBXProject section */
		9AE55EF31DB1BE1D00EA3461 /* Project object */ = {
			isa = PBXProject;
			attributes = {
				LastUpgradeCheck = 0800;
				ORGANIZATIONNAME = YaoxinZhuo;
				TargetAttributes = {
					9AE55EFA1DB1BE1D00EA3461 = {
						CreatedOnToolsVersion = 8.0;
						ProvisioningStyle = Automatic;
					};
				};
			};
			buildConfigurationList = 9AE55EF61DB1BE1D00EA3461 /* Build configuration list for PBXProject "DataStructurePTAtest07_4" */;
			compatibilityVersion = "Xcode 3.2";
			developmentRegion = English;
			hasScannedForEncodings = 0;
			knownRegions = (
				en,
			);
			mainGroup = 9AE55EF21DB1BE1D00EA3461;
			productRefGroup = 9AE55EFC1DB1BE1D00EA3461 /* Products */;
			projectDirPath = "";
			projectRoot = "";
			targets = (
				9AE55EFA1DB1BE1D00EA3461 /* DataStructurePTAtest07_4 */,
			);
		};
/* End PBXProject section */

/* Begin PBXSourcesBuildPhase section */
		9AE55EF71DB1BE1D00EA3461 /* Sources */ = {
			isa = PBXSourcesBuildPhase;
			buildActionMask = 2147483647;
			files = (
				9AE55EFF1DB1BE1D00EA3461 /* main.cpp in Sources */,
			);
			runOnlyForDeploymentPostprocessing = 0;
		};
/* End PBXSourcesBuildPhase section */

/* Begin XCBuildConfiguration section */
		9AE55F001DB1BE1D00EA3461 /* Debug */ = {
			isa = XCBuildConfiguration;
			buildSettings = {
				ALWAYS_SEARCH_USER_PATHS = NO;
				CLANG_ANALYZER_NONNULL = YES;
				CLANG_CXX_LANGUAGE_STANDARD = "gnu++0x";
				CLANG_CXX_LIBRARY = "libc++";
				CLANG_ENABLE_MODULES = YES;
				CLANG_ENABLE_OBJC_ARC = YES;
				CLANG_WARN_BOOL_CONVERSION = YES;
				CLANG_WARN_CONSTANT_CONVERSION = YES;
				CLANG_WARN_DIRECT_OBJC_ISA_USAGE = YES_ERROR;
				CLANG_WARN_DOCUMENTATION_COMMENTS = YES;
				CLANG_WARN_EMPTY_BODY = YES;
				CLANG_WARN_ENUM_CONVERSION = YES;
				CLANG_WARN_INFINITE_RECURSION = YES;
				CLANG_WARN_INT_CONVERSION = YES;
				CLANG_WARN_OBJC_ROOT_CLASS = YES_ERROR;
				CLANG_WARN_SUSPICIOUS_MOVES = YES;
				CLANG_WARN_UNREACHABLE_CODE = YES;
				CLANG_WARN__DUPLICATE_METHOD_MATCH = YES;
				CODE_SIGN_IDENTITY = "-";
				COPY_PHASE_STRIP = NO;
				DEBUG_INFORMATION_FORMAT = dwarf;
				ENABLE_STRICT_OBJC_MSGSEND = YES;
				ENABLE_TESTABILITY = YES;
				GCC_C_LANGUAGE_STANDARD = gnu99;
				GCC_DYNAMIC_NO_PIC = NO;
				GCC_NO_COMMON_BLOCKS = YES;
				GCC_OPTIMIZATION_LEVEL = 0;
				GCC_PREPROCESSOR_DEFINITIONS = (
					"DEBUG=1",
					"$(inherited)",
				);
				GCC_WARN_64_TO_32_BIT_CONVERSION = YES;
				GCC_WARN_ABOUT_RETURN_TYPE = YES_ERROR;
				GCC_WARN_UNDECLARED_SELECTOR = YES;
				GCC_WARN_UNINITIALIZED_AUTOS = YES_AGGRESSIVE;
				GCC_WARN_UNUSED_FUNCTION = YES;
				GCC_WARN_UNUSED_VARIABLE = YES;
				MACOSX_DEPLOYMENT_TARGET = 10.11;
				MTL_ENABLE_DEBUG_INFO = YES;
				ONLY_ACTIVE_ARCH = YES;
				SDKROOT = macosx;
			};
			name = Debug;
		};
		9AE55F011DB1BE1D00EA3461 /* Release */ = {
			isa = XCBuildConfiguration;
			buildSettings = {
				ALWAYS_SEARCH_USER_PATHS = NO;
				CLANG_ANALYZER_NONNULL = YES;
				CLANG_CXX_LANGUAGE_STANDARD = "gnu++0x";
				CLANG_CXX_LIBRARY = "libc++";
				CLANG_ENABLE_MODULES = YES;
				CLANG_ENABLE_OBJC_ARC = YES;
				CLANG_WARN_BOOL_CONVERSION = YES;
				CLANG_WARN_CONSTANT_CONVERSION = YES;
				CLANG_WARN_DIRECT_OBJC_ISA_USAGE = YES_ERROR;
				CLANG_WARN_DOCUMENTATION_COMMENTS = YES;
				CLANG_WARN_EMPTY_BODY = YES;
				CLANG_WARN_ENUM_CONVERSION = YES;
				CLANG_WARN_INFINITE_RECURSION = YES;
				CLANG_WARN_INT_CONVERSION = YES;
				CLANG_WARN_OBJC_ROOT_CLASS = YES_ERROR;
				CLANG_WARN_SUSPICIOUS_MOVES = YES;
				CLANG_WARN_UNREACHABLE_CODE = YES;
				CLANG_WARN__DUPLICATE_METHOD_MATCH = YES;
				CODE_SIGN_IDENTITY = "-";
				COPY_PHASE_STRIP = NO;
				DEBUG_INFORMATION_FORMAT = "dwarf-with-dsym";
				ENABLE_NS_ASSERTIONS = NO;
				ENABLE_STRICT_OBJC_MSGSEND = YES;
				GCC_C_LANGUAGE_STANDARD = gnu99;
				GCC_NO_COMMON_BLOCKS = YES;
				GCC_WARN_64_TO_32_BIT_CONVERSION = YES;
				GCC_WARN_ABOUT_RETURN_TYPE = YES_ERROR;
				GCC_WARN_UNDECLARED_SELECTOR = YES;
				GCC_WARN_UNINITIALIZED_AUTOS = YES_AGGRESSIVE;
				GCC_WARN_UNUSED_FUNCTION = YES;
				GCC_WARN_UNUSED_VARIABLE = YES;
				MACOSX_DEPLOYMENT_TARGET = 10.11;
				MTL_ENABLE_DEBUG_INFO = NO;
				SDKROOT = macosx;
			};
			name = Release;
		};
		9AE55F031DB1BE1D00EA3461 /* Debug */ = {
			isa = XCBuildConfiguration;
			buildSettings = {
				PRODUCT_NAME = "$(TARGET_NAME)";
			};
			name = Debug;
		};
		9AE55F041DB1BE1D00EA3461 /* Release */ = {
			isa = XCBuildConfiguration;
			buildSettings = {
				PRODUCT_NAME = "$(TARGET_NAME)";
			};
			name = Release;
		};
/* End XCBuildConfiguration section */

/* Begin XCConfigurationList section */
		9AE55EF61DB1BE1D00EA3461 /* Build configuration list for PBXProject "DataStructurePTAtest07_4" */ = {
			isa = XCConfigurationList;
			buildConfigurations = (
				9AE55F001DB1BE1D00EA3461 /* Debug */,
				9AE55F011DB1BE1D00EA3461 /* Release */,
			);
			defaultConfigurationIsVisible = 0;
			defaultConfigurationName = Release;
		};
		9AE55F021DB1BE1D00EA3461 /* Build configuration list for PBXNativeTarget "DataStructurePTAtest07_4" */ = {
			isa = XCConfigurationList;
			buildConfigurations = (
				9AE55F031DB1BE1D00EA3461 /* Debug */,
				9AE55F041DB1BE1D00EA3461 /* Release */,
			);
			defaultConfigurationIsVisible = 0;
		};
/* End XCConfigurationList section */
	};
	rootObject = 9AE55EF31DB1BE1D00EA3461 /* Project object */;
}
